NeoBundleLock emmet-vim 10b3746ecb52064d44bbcb1fdf6b21cca551f30c
NeoBundleLock lexima.vim aa32e972b69230625989daa09ee5fd74a2d877ef
NeoBundleLock molokai c67bdfcdb31415aa0ade7f8c003261700a885476
NeoBundleLock neobundle.vim 1306c131ff0a6cc094b7ff0727350e442b5427f1
NeoBundleLock rust.vim 4539a9ad35fa0c19f1e20671bd1ee08452519079
NeoBundleLock sonictemplate-vim 4e1b1a36a95e899ad4415d7b4373e2c0e3ff05af
NeoBundleLock vim-fugitive 698065596c9ccee74825ac9667357ce8222ed7b0
NeoBundleLock vim-go 1df81617fbda56bf3cb2dfc289fe1f3713bdfddb
NeoBundleLock vim-racer 539e38c6ec0f747a9116452fe9ebd062222b89a3
NeoBundleLock vim-wakatime 29d14cca6593a4809a31cfc3565a366d87426daf
NeoBundleLock vimdiscord 5abbe4950d6338d8edf4dcec7c7ff95d144f78c3
